
Microsoft Visual Studio Solution File, Format Version 12.00
# Visual Studio Version 17
VisualStudioVersion = 17.14.36301.6
MinimumVisualStudioVersion = 10.0.40219.1
Project("{FAE04EC0-301F-11D3-BF4B-00C04F79EFBC}") = "ClientFlow.Domain", "ClientFlow.Domain\ClientFlow.Domain.csproj", "{F4F56AF6-5C89-45E5-8699-BCCA228F491C}"
EndProject
Project("{FAE04EC0-301F-11D3-BF4B-00C04F79EFBC}") = "ClientFlow.Application", "ClientFlow.Application\ClientFlow.Application.csproj", "{CBF2E283-9DCB-4517-858F-500CF24DF847}"
EndProject
Project("{FAE04EC0-301F-11D3-BF4B-00C04F79EFBC}") = "ClientFlow.Infrastructure", "ClientFlow.Infrastructure\ClientFlow.Infrastructure.csproj", "{BEB56468-3788-40F4-8029-A8D8D350EBDD}"
EndProject
Project("{FAE04EC0-301F-11D3-BF4B-00C04F79EFBC}") = "ClientFlow.Web", "ClientFlow.Web\ClientFlow.Web.csproj", "{AE481BBE-8839-814D-24F9-62C51435D633}"
EndProject
Global
	GlobalSection(SolutionConfigurationPlatforms) = preSolution
		Debug|Any CPU = Debug|Any CPU
		Release|Any CPU = Release|Any CPU
	EndGlobalSection
	GlobalSection(ProjectConfigurationPlatforms) = postSolution
		{F4F56AF6-5C89-45E5-8699-BCCA228F491C}.Debug|Any CPU.ActiveCfg = Debug|Any CPU
		{F4F56AF6-5C89-45E5-8699-BCCA228F491C}.Debug|Any CPU.Build.0 = Debug|Any CPU
		{F4F56AF6-5C89-45E5-8699-BCCA228F491C}.Release|Any CPU.ActiveCfg = Release|Any CPU
		{F4F56AF6-5C89-45E5-8699-BCCA228F491C}.Release|Any CPU.Build.0 = Release|Any CPU
		{CBF2E283-9DCB-4517-858F-500CF24DF847}.Debug|Any CPU.ActiveCfg = Debug|Any CPU
		{CBF2E283-9DCB-4517-858F-500CF24DF847}.Debug|Any CPU.Build.0 = Debug|Any CPU
		{CBF2E283-9DCB-4517-858F-500CF24DF847}.Release|Any CPU.ActiveCfg = Release|Any CPU
		{CBF2E283-9DCB-4517-858F-500CF24DF847}.Release|Any CPU.Build.0 = Release|Any CPU
		{BEB56468-3788-40F4-8029-A8D8D350EBDD}.Debug|Any CPU.ActiveCfg = Debug|Any CPU
		{BEB56468-3788-40F4-8029-A8D8D350EBDD}.Debug|Any CPU.Build.0 = Debug|Any CPU
		{BEB56468-3788-40F4-8029-A8D8D350EBDD}.Release|Any CPU.ActiveCfg = Release|Any CPU
		{BEB56468-3788-40F4-8029-A8D8D350EBDD}.Release|Any CPU.Build.0 = Release|Any CPU
		{AE481BBE-8839-814D-24F9-62C51435D633}.Debug|Any CPU.ActiveCfg = Debug|Any CPU
		{AE481BBE-8839-814D-24F9-62C51435D633}.Debug|Any CPU.Build.0 = Debug|Any CPU
		{AE481BBE-8839-814D-24F9-62C51435D633}.Release|Any CPU.ActiveCfg = Release|Any CPU
		{AE481BBE-8839-814D-24F9-62C51435D633}.Release|Any CPU.Build.0 = Release|Any CPU
	EndGlobalSection
	GlobalSection(SolutionProperties) = preSolution
		HideSolutionNode = FALSE
	EndGlobalSection
	GlobalSection(ExtensibilityGlobals) = postSolution
		SolutionGuid = {6B79163A-43F5-435E-A5A4-617E010EACCF}
	EndGlobalSection
EndGlobal
